
Microsoft Visual Studio Solution File, Format Version 12.00
# Visual Studio Version 17
VisualStudioVersion = 17.4.33403.182
MinimumVisualStudioVersion = 10.0.40219.1
Project("{9A19103F-16F7-4668-BE54-9A1E7A4F7556}") = "eCommerceWebApp", "eCommerceWebApp.csproj", "{12D9E1ED-73E5-4DF2-B281-164F6514280B}"
EndProject
Global
	GlobalSection(SolutionConfigurationPlatforms) = preSolution
		Debug|Any CPU = Debug|Any CPU
		Release|Any CPU = Release|Any CPU
	EndGlobalSection
	GlobalSection(ProjectConfigurationPlatforms) = postSolution
		{12D9E1ED-73E5-4DF2-B281-164F6514280B}.Debug|Any CPU.ActiveCfg = Debug|Any CPU
		{12D9E1ED-73E5-4DF2-B281-164F6514280B}.Debug|Any CPU.Build.0 = Debug|Any CPU
		{12D9E1ED-73E5-4DF2-B281-164F6514280B}.Release|Any CPU.ActiveCfg = Release|Any CPU
		{12D9E1ED-73E5-4DF2-B281-164F6514280B}.Release|Any CPU.Build.0 = Release|Any CPU
	EndGlobalSection
	GlobalSection(SolutionProperties) = preSolution
		HideSolutionNode = FALSE
	EndGlobalSection
	GlobalSection(ExtensibilityGlobals) = postSolution
		SolutionGuid = {3A7320A5-405F-4B6D-8379-D908881CEC7A}
	EndGlobalSection
EndGlobal
